
Microsoft Visual Studio Solution File, Format Version 12.00
# Visual Studio Version 17
VisualStudioVersion = 17.2.32505.173
MinimumVisualStudioVersion = 10.0.40219.1
Project("{FAE04EC0-301F-11D3-BF4B-00C04F79EFBC}") = "dati_verona", "dati_verona\dati_verona.csproj", "{F78AB7EA-9C8B-4185-9395-E49AF4234FE9}"
EndProject
Global
	GlobalSection(SolutionConfigurationPlatforms) = preSolution
		Debug|Any CPU = Debug|Any CPU
		Release|Any CPU = Release|Any CPU
	EndGlobalSection
	GlobalSection(ProjectConfigurationPlatforms) = postSolution
		{F78AB7EA-9C8B-4185-9395-E49AF4234FE9}.Debug|Any CPU.ActiveCfg = Debug|Any CPU
		{F78AB7EA-9C8B-4185-9395-E49AF4234FE9}.Debug|Any CPU.Build.0 = Debug|Any CPU
		{F78AB7EA-9C8B-4185-9395-E49AF4234FE9}.Release|Any CPU.ActiveCfg = Release|Any CPU
		{F78AB7EA-9C8B-4185-9395-E49AF4234FE9}.Release|Any CPU.Build.0 = Release|Any CPU
	EndGlobalSection
	GlobalSection(SolutionProperties) = preSolution
		HideSolutionNode = FALSE
	EndGlobalSection
	GlobalSection(ExtensibilityGlobals) = postSolution
		SolutionGuid = {6009A861-645B-46D9-91E2-F8BE531857F6}
	EndGlobalSection
EndGlobal
